// !$*UTF8*$!
{
	archiveVersion = 1;
	classes = {
	};
	objectVersion = 46;
	objects = {

/* Begin PBXBuildFile section */
		32190EE0185766FC005BE903 /* Foundation.framework in Frameworks */ = {isa = PBXBuildFile; fileRef = 32190EDF185766FC005BE903 /* Foundation.framework */; };
		32190EE2185766FC005BE903 /* CoreGraphics.framework in Frameworks */ = {isa = PBXBuildFile; fileRef = 32190EE1185766FC005BE903 /* CoreGraphics.framework */; };
		32190EE4185766FC005BE903 /* UIKit.framework in Frameworks */ = {isa = PBXBuildFile; fileRef = 32190EE3185766FC005BE903 /* UIKit.framework */; };
		32190EEA185766FC005BE903 /* InfoPlist.strings in Resources */ = {isa = PBXBuildFile; fileRef = 32190EE8185766FC005BE903 /* InfoPlist.strings */; };
		32190EEC185766FC005BE903 /* main.m in Sources */ = {isa = PBXBuildFile; fileRef = 32190EEB185766FC005BE903 /* main.m */; };
		32190EF0185766FC005BE903 /* AppDelegate.m in Sources */ = {isa = PBXBuildFile; fileRef = 32190EEF185766FC005BE903 /* AppDelegate.m */; };
		32190EF3185766FC005BE903 /* Main_iPhone.storyboard in Resources */ = {isa = PBXBuildFile; fileRef = 32190EF1185766FC005BE903 /* Main_iPhone.storyboard */; };
		32190EF6185766FC005BE903 /* Main_iPad.storyboard in Resources */ = {isa = PBXBuildFile; fileRef = 32190EF4185766FC005BE903 /* Main_iPad.storyboard */; };
		32190EF9185766FC005BE903 /* ViewController.m in Sources */ = {isa = PBXBuildFile; fileRef = 32190EF8185766FC005BE903 /* ViewController.m */; };
		32190EFB185766FC005BE903 /* Images.xcassets in Resources */ = {isa = PBXBuildFile; fileRef = 32190EFA185766FC005BE903 /* Images.xcassets */; };
		32190F02185766FC005BE903 /* XCTest.framework in Frameworks */ = {isa = PBXBuildFile; fileRef = 32190F01185766FC005BE903 /* XCTest.framework */; };
		32190F03185766FC005BE903 /* Foundation.framework in Frameworks */ = {isa = PBXBuildFile; fileRef = 32190EDF185766FC005BE903 /* Foundation.framework */; };
		32190F04185766FC005BE903 /* UIKit.framework in Frameworks */ = {isa = PBXBuildFile; fileRef = 32190EE3185766FC005BE903 /* UIKit.framework */; };
		32190F0C185766FC005BE903 /* InfoPlist.strings in Resources */ = {isa = PBXBuildFile; fileRef = 32190F0A185766FC005BE903 /* InfoPlist.strings */; };
		32190F0E185766FC005BE903 /* Social_Media_MagicTests.m in Sources */ = {isa = PBXBuildFile; fileRef = 32190F0D185766FC005BE903 /* Social_Media_MagicTests.m */; };
/* End PBXBuildFile section */

/* Begin PBXContainerItemProxy section */
		32190F05185766FC005BE903 /* PBXContainerItemProxy */ = {
			isa = PBXContainerItemProxy;
			containerPortal = 32190ED4185766FC005BE903 /* Project object */;
			proxyType = 1;
			remoteGlobalIDString = 32190EDB185766FC005BE903;
			remoteInfo = "Social Media Magic";
		};
/* End PBXContainerItemProxy section */

/* Begin PBXFileReference section */
		32190EDC185766FC005BE903 /* Social Media Magic.app */ = {isa = PBXFileReference; explicitFileType = wrapper.application; includeInIndex = 0; path = "Social Media Magic.app"; sourceTree = BUILT_PRODUCTS_DIR; };
		32190EDF185766FC005BE903 /* Foundation.framework */ = {isa = PBXFileReference; lastKnownFileType = wrapper.framework; name = Foundation.framework; path = System/Library/Frameworks/Foundation.framework; sourceTree = SDKROOT; };
		32190EE1185766FC005BE903 /* CoreGraphics.framework */ = {isa = PBXFileReference; lastKnownFileType = wrapper.framework; name = CoreGraphics.framework; path = System/Library/Frameworks/CoreGraphics.framework; sourceTree = SDKROOT; };
		32190EE3185766FC005BE903 /* UIKit.framework */ = {isa = PBXFileReference; lastKnownFileType = wrapper.framework; name = UIKit.framework; path = System/Library/Frameworks/UIKit.framework; sourceTree = SDKROOT; };
		32190EE7185766FC005BE903 /* Social Media Magic-Info.plist */ = {isa = PBXFileReference; lastKnownFileType = text.plist.xml; path = "Social Media Magic-Info.plist"; sourceTree = "<group>"; };
		32190EE9185766FC005BE903 /* en */ = {isa = PBXFileReference; lastKnownFileType = text.plist.strings; name = en; path = en.lproj/InfoPlist.strings; sourceTree = "<group>"; };
		32190EEB185766FC005BE903 /* main.m */ = {isa = PBXFileReference; lastKnownFileType = sourcecode.c.objc; path = main.m; sourceTree = "<group>"; };
		32190EED185766FC005BE903 /* Social Media Magic-Prefix.pch */ = {isa = PBXFileReference; lastKnownFileType = sourcecode.c.h; path = "Social Media Magic-Prefix.pch"; sourceTree = "<group>"; };
		32190EEE185766FC005BE903 /* AppDelegate.h */ = {isa = PBXFileReference; lastKnownFileType = sourcecode.c.h; path = AppDelegate.h; sourceTree = "<group>"; };
		32190EEF185766FC005BE903 /* AppDelegate.m */ = {isa = PBXFileReference; lastKnownFileType = sourcecode.c.objc; path = AppDelegate.m; sourceTree = "<group>"; };
		32190EF2185766FC005BE903 /* Base */ = {isa = PBXFileReference; lastKnownFileType = file.storyboard; name = Base; path = Base.lproj/Main_iPhone.storyboard; sourceTree = "<group>"; };
		32190EF5185766FC005BE903 /* Base */ = {isa = PBXFileReference; lastKnownFileType = file.storyboard; name = Base; path = Base.lproj/Main_iPad.storyboard; sourceTree = "<group>"; };
		32190EF7185766FC005BE903 /* ViewController.h */ = {isa = PBXFileReference; lastKnownFileType = sourcecode.c.h; path = ViewController.h; sourceTree = "<group>"; };
		32190EF8185766FC005BE903 /* ViewController.m */ = {isa = PBXFileReference; lastKnownFileType = sourcecode.c.objc; path = ViewController.m; sourceTree = "<group>"; };
		32190EFA185766FC005BE903 /* Images.xcassets */ = {isa = PBXFileReference; lastKnownFileType = folder.assetcatalog; path = Images.xcassets; sourceTree = "<group>"; };
		32190F00185766FC005BE903 /* Social Media MagicTests.xctest */ = {isa = PBXFileReference; explicitFileType = wrapper.cfbundle; includeInIndex = 0; path = "Social Media MagicTests.xctest"; sourceTree = BUILT_PRODUCTS_DIR; };
		32190F01185766FC005BE903 /* XCTest.framework */ = {isa = PBXFileReference; lastKnownFileType = wrapper.framework; name = XCTest.framework; path = Library/Frameworks/XCTest.framework; sourceTree = DEVELOPER_DIR; };
		32190F09185766FC005BE903 /* Social Media MagicTests-Info.plist */ = {isa = PBXFileReference; lastKnownFileType = text.plist.xml; path = "Social Media MagicTests-Info.plist"; sourceTree = "<group>"; };
		32190F0B185766FC005BE903 /* en */ = {isa = PBXFileReference; lastKnownFileType = text.plist.strings; name = en; path = en.lproj/InfoPlist.strings; sourceTree = "<group>"; };
		32190F0D185766FC005BE903 /* Social_Media_MagicTests.m */ = {isa = PBXFileReference; lastKnownFileType = sourcecode.c.objc; path = Social_Media_MagicTests.m; sourceTree = "<group>"; };
/* End PBXFileReference section */

/* Begin PBXFrameworksBuildPhase section */
		32190ED9185766FC005BE903 /* Frameworks */ = {
			isa = PBXFrameworksBuildPhase;
			buildActionMask = 2147483647;
			files = (
				32190EE2185766FC005BE903 /* CoreGraphics.framework in Frameworks */,
				32190EE4185766FC005BE903 /* UIKit.framework in Frameworks */,
				32190EE0185766FC005BE903 /* Foundation.framework in Frameworks */,
			);
			runOnlyForDeploymentPostprocessing = 0;
		};
		32190EFD185766FC005BE903 /* Frameworks */ = {
			isa = PBXFrameworksBuildPhase;
			buildActionMask = 2147483647;
			files = (
				32190F02185766FC005BE903 /* XCTest.framework in Frameworks */,
				32190F04185766FC005BE903 /* UIKit.framework in Frameworks */,
				32190F03185766FC005BE903 /* Foundation.framework in Frameworks */,
			);
			runOnlyForDeploymentPostprocessing = 0;
		};
/* End PBXFrameworksBuildPhase section */

/* Begin PBXGroup section */
		32190ED3185766FC005BE903 = {
			isa = PBXGroup;
			children = (
				32190EE5185766FC005BE903 /* Social Media Magic */,
				32190F07185766FC005BE903 /* Social Media MagicTests */,
				32190EDE185766FC005BE903 /* Frameworks */,
				32190EDD185766FC005BE903 /* Products */,
			);
			sourceTree = "<group>";
		};
		32190EDD185766FC005BE903 /* Products */ = {
			isa = PBXGroup;
			children = (
				32190EDC185766FC005BE903 /* Social Media Magic.app */,
				32190F00185766FC005BE903 /* Social Media MagicTests.xctest */,
			);
			name = Products;
			sourceTree = "<group>";
		};
		32190EDE185766FC005BE903 /* Frameworks */ = {
			isa = PBXGroup;
			children = (
				32190EDF185766FC005BE903 /* Foundation.framework */,
				32190EE1185766FC005BE903 /* CoreGraphics.framework */,
				32190EE3185766FC005BE903 /* UIKit.framework */,
				32190F01185766FC005BE903 /* XCTest.framework */,
			);
			name = Frameworks;
			sourceTree = "<group>";
		};
		32190EE5185766FC005BE903 /* Social Media Magic */ = {
			isa = PBXGroup;
			children = (
				32190EEE185766FC005BE903 /* AppDelegate.h */,
				32190EEF185766FC005BE903 /* AppDelegate.m */,
				32190EF1185766FC005BE903 /* Main_iPhone.storyboard */,
				32190EF4185766FC005BE903 /* Main_iPad.storyboard */,
				32190EF7185766FC005BE903 /* ViewController.h */,
				32190EF8185766FC005BE903 /* ViewController.m */,
				32190EFA185766FC005BE903 /* Images.xcassets */,
				32190EE6185766FC005BE903 /* Supporting Files */,
			);
			path = "Social Media Magic";
			sourceTree = "<group>";
		};
		32190EE6185766FC005BE903 /* Supporting Files */ = {
			isa = PBXGroup;
			children = (
				32190EE7185766FC005BE903 /* Social Media Magic-Info.plist */,
				32190EE8185766FC005BE903 /* InfoPlist.strings */,
				32190EEB185766FC005BE903 /* main.m */,
				32190EED185766FC005BE903 /* Social Media Magic-Prefix.pch */,
			);
			name = "Supporting Files";
			sourceTree = "<group>";
		};
		32190F07185766FC005BE903 /* Social Media MagicTests */ = {
			isa = PBXGroup;
			children = (
				32190F0D185766FC005BE903 /* Social_Media_MagicTests.m */,
				32190F08185766FC005BE903 /* Supporting Files */,
			);
			path = "Social Media MagicTests";
			sourceTree = "<group>";
		};
		32190F08185766FC005BE903 /* Supporting Files */ = {
			isa = PBXGroup;
			children = (
				32190F09185766FC005BE903 /* Social Media MagicTests-Info.plist */,
				32190F0A185766FC005BE903 /* InfoPlist.strings */,
			);
			name = "Supporting Files";
			sourceTree = "<group>";
		};
/* End PBXGroup section */

/* Begin PBXNativeTarget section */
		32190EDB185766FC005BE903 /* Social Media Magic */ = {
			isa = PBXNativeTarget;
			buildConfigurationList = 32190F11185766FC005BE903 /* Build configuration list for PBXNativeTarget "Social Media Magic" */;
			buildPhases = (
				32190ED8185766FC005BE903 /* Sources */,
				32190ED9185766FC005BE903 /* Frameworks */,
				32190EDA185766FC005BE903 /* Resources */,
			);
			buildRules = (
			);
			dependencies = (
			);
			name = "Social Media Magic";
			productName = "Social Media Magic";
			productReference = 32190EDC185766FC005BE903 /* Social Media Magic.app */;
			productType = "com.apple.product-type.application";
		};
		32190EFF185766FC005BE903 /* Social Media MagicTests */ = {
			isa = PBXNativeTarget;
			buildConfigurationList = 32190F14185766FC005BE903 /* Build configuration list for PBXNativeTarget "Social Media MagicTests" */;
			buildPhases = (
				32190EFC185766FC005BE903 /* Sources */,
				32190EFD185766FC005BE903 /* Frameworks */,
				32190EFE185766FC005BE903 /* Resources */,
			);
			buildRules = (
			);
			dependencies = (
				32190F06185766FC005BE903 /* PBXTargetDependency */,
			);
			name = "Social Media MagicTests";
			productName = "Social Media MagicTests";
			productReference = 32190F00185766FC005BE903 /* Social Media MagicTests.xctest */;
			productType = "com.apple.product-type.bundle.unit-test";
		};
/* End PBXNativeTarget section */

/* Begin PBXProject section */
		32190ED4185766FC005BE903 /* Project object */ = {
			isa = PBXProject;
			attributes = {
				LastUpgradeCheck = 0500;
				ORGANIZATIONNAME = Clive;
				TargetAttributes = {
					32190EFF185766FC005BE903 = {
						TestTargetID = 32190EDB185766FC005BE903;
					};
				};
			};
			buildConfigurationList = 32190ED7185766FC005BE903 /* Build configuration list for PBXProject "Social Media Magic" */;
			compatibilityVersion = "Xcode 3.2";
			developmentRegion = English;
			hasScannedForEncodings = 0;
			knownRegions = (
				en,
				Base,
			);
			mainGroup = 32190ED3185766FC005BE903;
			productRefGroup = 32190EDD185766FC005BE903 /* Products */;
			projectDirPath = "";
			projectRoot = "";
			targets = (
				32190EDB185766FC005BE903 /* Social Media Magic */,
				32190EFF185766FC005BE903 /* Social Media MagicTests */,
			);
		};
/* End PBXProject section */

/* Begin PBXResourcesBuildPhase section */
		32190EDA185766FC005BE903 /* Resources */ = {
			isa = PBXResourcesBuildPhase;
			buildActionMask = 2147483647;
			files = (
				32190EF6185766FC005BE903 /* Main_iPad.storyboard in Resources */,
				32190EFB185766FC005BE903 /* Images.xcassets in Resources */,
				32190EF3185766FC005BE903 /* Main_iPhone.storyboard in Resources */,
				32190EEA185766FC005BE903 /* InfoPlist.strings in Resources */,
			);
			runOnlyForDeploymentPostprocessing = 0;
		};
		32190EFE185766FC005BE903 /* Resources */ = {
			isa = PBXResourcesBuildPhase;
			buildActionMask = 2147483647;
			files = (
				32190F0C185766FC005BE903 /* InfoPlist.strings in Resources */,
			);
			runOnlyForDeploymentPostprocessing = 0;
		};
/* End PBXResourcesBuildPhase section */

/* Begin PBXSourcesBuildPhase section */
		32190ED8185766FC005BE903 /* Sources */ = {
			isa = PBXSourcesBuildPhase;
			buildActionMask = 2147483647;
			files = (
				32190EF9185766FC005BE903 /* ViewController.m in Sources */,
				32190EF0185766FC005BE903 /* AppDelegate.m in Sources */,
				32190EEC185766FC005BE903 /* main.m in Sources */,
			);
			runOnlyForDeploymentPostprocessing = 0;
		};
		32190EFC185766FC005BE903 /* Sources */ = {
			isa = PBXSourcesBuildPhase;
			buildActionMask = 2147483647;
			files = (
				32190F0E185766FC005BE903 /* Social_Media_MagicTests.m in Sources */,
			);
			runOnlyForDeploymentPostprocessing = 0;
		};
/* End PBXSourcesBuildPhase section */

/* Begin PBXTargetDependency section */
		32190F06185766FC005BE903 /* PBXTargetDependency */ = {
			isa = PBXTargetDependency;
			target = 32190EDB185766FC005BE903 /* Social Media Magic */;
			targetProxy = 32190F05185766FC005BE903 /* PBXContainerItemProxy */;
		};
/* End PBXTargetDependency section */

/* Begin PBXVariantGroup section */
		32190EE8185766FC005BE903 /* InfoPlist.strings */ = {
			isa = PBXVariantGroup;
			children = (
				32190EE9185766FC005BE903 /* en */,
			);
			name = InfoPlist.strings;
			sourceTree = "<group>";
		};
		32190EF1185766FC005BE903 /* Main_iPhone.storyboard */ = {
			isa = PBXVariantGroup;
			children = (
				32190EF2185766FC005BE903 /* Base */,
			);
			name = Main_iPhone.storyboard;
			sourceTree = "<group>";
		};
		32190EF4185766FC005BE903 /* Main_iPad.storyboard */ = {
			isa = PBXVariantGroup;
			children = (
				32190EF5185766FC005BE903 /* Base */,
			);
			name = Main_iPad.storyboard;
			sourceTree = "<group>";
		};
		32190F0A185766FC005BE903 /* InfoPlist.strings */ = {
			isa = PBXVariantGroup;
			children = (
				32190F0B185766FC005BE903 /* en */,
			);
			name = InfoPlist.strings;
			sourceTree = "<group>";
		};
/* End PBXVariantGroup section */

/* Begin XCBuildConfiguration section */
		32190F0F185766FC005BE903 /* Debug */ = {
			isa = XCBuildConfiguration;
			buildSettings = {
				ALWAYS_SEARCH_USER_PATHS = NO;
				ARCHS = "$(ARCHS_STANDARD_INCLUDING_64_BIT)";
				CLANG_CXX_LANGUAGE_STANDARD = "gnu++0x";
				CLANG_CXX_LIBRARY = "libc++";
				CLANG_ENABLE_MODULES = YES;
				CLANG_ENABLE_OBJC_ARC = YES;
				CLANG_WARN_BOOL_CONVERSION = YES;
				CLANG_WARN_CONSTANT_CONVERSION = YES;
				CLANG_WARN_DIRECT_OBJC_ISA_USAGE = YES_ERROR;
				CLANG_WARN_EMPTY_BODY = YES;
				CLANG_WARN_ENUM_CONVERSION = YES;
				CLANG_WARN_INT_CONVERSION = YES;
				CLANG_WARN_OBJC_ROOT_CLASS = YES_ERROR;
				CLANG_WARN__DUPLICATE_METHOD_MATCH = YES;
				"CODE_SIGN_IDENTITY[sdk=iphoneos*]" = "iPhone Developer";
				COPY_PHASE_STRIP = NO;
				GCC_C_LANGUAGE_STANDARD = gnu99;
				GCC_DYNAMIC_NO_PIC = NO;
				GCC_OPTIMIZATION_LEVEL = 0;
				GCC_PREPROCESSOR_DEFINITIONS = (
					"DEBUG=1",
					"$(inherited)",
				);
				GCC_SYMBOLS_PRIVATE_EXTERN = NO;
				GCC_WARN_64_TO_32_BIT_CONVERSION = YES;
				GCC_WARN_ABOUT_RETURN_TYPE = YES_ERROR;
				GCC_WARN_UNDECLARED_SELECTOR = YES;
				GCC_WARN_UNINITIALIZED_AUTOS = YES;
				GCC_WARN_UNUSED_FUNCTION = YES;
				GCC_WARN_UNUSED_VARIABLE = YES;
				IPHONEOS_DEPLOYMENT_TARGET = 7.0;
				ONLY_ACTIVE_ARCH = YES;
				SDKROOT = iphoneos;
				TARGETED_DEVICE_FAMILY = "1,2";
			};
			name = Debug;
		};
		32190F10185766FC005BE903 /* Release */ = {
			isa = XCBuildConfiguration;
			buildSettings = {
				ALWAYS_SEARCH_USER_PATHS = NO;
				ARCHS = "$(ARCHS_STANDARD_INCLUDING_64_BIT)";
				CLANG_CXX_LANGUAGE_STANDARD = "gnu++0x";
				CLANG_CXX_LIBRARY = "libc++";
				CLANG_ENABLE_MODULES = YES;
				CLANG_ENABLE_OBJC_ARC = YES;
				CLANG_WARN_BOOL_CONVERSION = YES;
				CLANG_WARN_CONSTANT_CONVERSION = YES;
				CLANG_WARN_DIRECT_OBJC_ISA_USAGE = YES_ERROR;
				CLANG_WARN_EMPTY_BODY = YES;
				CLANG_WARN_ENUM_CONVERSION = YES;
				CLANG_WARN_INT_CONVERSION = YES;
				CLANG_WARN_OBJC_ROOT_CLASS = YES_ERROR;
				CLANG_WARN__DUPLICATE_METHOD_MATCH = YES;
				"CODE_SIGN_IDENTITY[sdk=iphoneos*]" = "iPhone Developer";
				COPY_PHASE_STRIP = YES;
				ENABLE_NS_ASSERTIONS = NO;
				GCC_C_LANGUAGE_STANDARD = gnu99;
				GCC_WARN_64_TO_32_BIT_CONVERSION = YES;
				GCC_WARN_ABOUT_RETURN_TYPE = YES_ERROR;
				GCC_WARN_UNDECLARED_SELECTOR = YES;
				GCC_WARN_UNINITIALIZED_AUTOS = YES;
				GCC_WARN_UNUSED_FUNCTION = YES;
				GCC_WARN_UNUSED_VARIABLE = YES;
				IPHONEOS_DEPLOYMENT_TARGET = 7.0;
				SDKROOT = iphoneos;
				TARGETED_DEVICE_FAMILY = "1,2";
				VALIDATE_PRODUCT = YES;
			};
			name = Release;
		};
		32190F12185766FC005BE903 /* Debug */ = {
			isa = XCBuildConfiguration;
			buildSettings = {
				ASSETCATALOG_COMPILER_APPICON_NAME = AppIcon;
				ASSETCATALOG_COMPILER_LAUNCHIMAGE_NAME = LaunchImage;
				GCC_PRECOMPILE_PREFIX_HEADER = YES;
				GCC_PREFIX_HEADER = "Social Media Magic/Social Media Magic-Prefix.pch";
				INFOPLIST_FILE = "Social Media Magic/Social Media Magic-Info.plist";
				PRODUCT_NAME = "$(TARGET_NAME)";
				WRAPPER_EXTENSION = app;
			};
			name = Debug;
		};
		32190F13185766FC005BE903 /* Release */ = {
			isa = XCBuildConfiguration;
			buildSettings = {
				ASSETCATALOG_COMPILER_APPICON_NAME = AppIcon;
				ASSETCATALOG_COMPILER_LAUNCHIMAGE_NAME = LaunchImage;
				GCC_PRECOMPILE_PREFIX_HEADER = YES;
				GCC_PREFIX_HEADER = "Social Media Magic/Social Media Magic-Prefix.pch";
				INFOPLIST_FILE = "Social Media Magic/Social Media Magic-Info.plist";
				PRODUCT_NAME = "$(TARGET_NAME)";
				WRAPPER_EXTENSION = app;
			};
			name = Release;
		};
		32190F15185766FC005BE903 /* Debug */ = {
			isa = XCBuildConfiguration;
			buildSettings = {
				ARCHS = "$(ARCHS_STANDARD_INCLUDING_64_BIT)";
				BUNDLE_LOADER = "$(BUILT_PRODUCTS_DIR)/Social Media Magic.app/Social Media Magic";
				FRAMEWORK_SEARCH_PATHS = (
					"$(SDKROOT)/Developer/Library/Frameworks",
					"$(inherited)",
					"$(DEVELOPER_FRAMEWORKS_DIR)",
				);
				GCC_PRECOMPILE_PREFIX_HEADER = YES;
				GCC_PREFIX_HEADER = "Social Media Magic/Social Media Magic-Prefix.pch";
				GCC_PREPROCESSOR_DEFINITIONS = (
					"DEBUG=1",
					"$(inherited)",
				);
				INFOPLIST_FILE = "Social Media MagicTests/Social Media MagicTests-Info.plist";
				PRODUCT_NAME = "$(TARGET_NAME)";
				TEST_HOST = "$(BUNDLE_LOADER)";
				WRAPPER_EXTENSION = xctest;
			};
			name = Debug;
		};
		32190F16185766FC005BE903 /* Release */ = {
			isa = XCBuildConfiguration;
			buildSettings = {
				ARCHS = "$(ARCHS_STANDARD_INCLUDING_64_BIT)";
				BUNDLE_LOADER = "$(BUILT_PRODUCTS_DIR)/Social Media Magic.app/Social Media Magic";
				FRAMEWORK_SEARCH_PATHS = (
					"$(SDKROOT)/Developer/Library/Frameworks",
					"$(inherited)",
					"$(DEVELOPER_FRAMEWORKS_DIR)",
				);
				GCC_PRECOMPILE_PREFIX_HEADER = YES;
				GCC_PREFIX_HEADER = "Social Media Magic/Social Media Magic-Prefix.pch";
				INFOPLIST_FILE = "Social Media MagicTests/Social Media MagicTests-Info.plist";
				PRODUCT_NAME = "$(TARGET_NAME)";
				TEST_HOST = "$(BUNDLE_LOADER)";
				WRAPPER_EXTENSION = xctest;
			};
			name = Release;
		};
/* End XCBuildConfiguration section */

/* Begin XCConfigurationList section */
		32190ED7185766FC005BE903 /* Build configuration list for PBXProject "Social Media Magic" */ = {
			isa = XCConfigurationList;
			buildConfigurations = (
				32190F0F185766FC005BE903 /* Debug */,
				32190F10185766FC005BE903 /* Release */,
			);
			defaultConfigurationIsVisible = 0;
			defaultConfigurationName = Release;
		};
		32190F11185766FC005BE903 /* Build configuration list for PBXNativeTarget "Social Media Magic" */ = {
			isa = XCConfigurationList;
			buildConfigurations = (
				32190F12185766FC005BE903 /* Debug */,
				32190F13185766FC005BE903 /* Release */,
			);
			defaultConfigurationIsVisible = 0;
		};
		32190F14185766FC005BE903 /* Build configuration list for PBXNativeTarget "Social Media MagicTests" */ = {
			isa = XCConfigurationList;
			buildConfigurations = (
				32190F15185766FC005BE903 /* Debug */,
				32190F16185766FC005BE903 /* Release */,
			);
			defaultConfigurationIsVisible = 0;
		};
/* End XCConfigurationList section */
	};
	rootObject = 32190ED4185766FC005BE903 /* Project object */;
}
